
Microsoft Visual Studio Solution File, Format Version 12.00
# Visual Studio Version 16
VisualStudioVersion = 16.0.29509.3
MinimumVisualStudioVersion = 10.0.40219.1
Project("{2150E333-8FDC-42A3-9474-1A3956D46DE8}") = "src", "src", "{824E533E-99F5-47DB-A94C-6E36216383A1}"
EndProject
Project("{2150E333-8FDC-42A3-9474-1A3956D46DE8}") = "Catalog", "Catalog", "{8BCD7C9A-0164-4339-8568-34D3B34708DD}"
EndProject
Project("{9A19103F-16F7-4668-BE54-9A1E7A4F7556}") = "Catalog.API", "src\Catalog\Catalog.API\Catalog.API.csproj", "{CFEF8B02-D551-4091-87ED-EE808349C652}"
EndProject
Project("{E53339B2-1760-4266-BCC7-CA923CBCF16C}") = "docker-compose", "docker-compose.dcproj", "{BB6E9288-E660-4B07-A38D-767ED43E676D}"
EndProject
Project("{2150E333-8FDC-42A3-9474-1A3956D46DE8}") = "Basket", "Basket", "{10BA4103-8BFF-42BF-9AD3-0CF3E7762858}"
EndProject
Project("{9A19103F-16F7-4668-BE54-9A1E7A4F7556}") = "Basket.API", "src\Basket\Basket.API\Basket.API.csproj", "{012CE45A-84BF-4FFC-AC2D-F4B5591B352F}"
EndProject
Project("{2150E333-8FDC-42A3-9474-1A3956D46DE8}") = "Common", "Common", "{AB375AF3-E55F-4B95-A30C-2DD2F6C06069}"
EndProject
Project("{9A19103F-16F7-4668-BE54-9A1E7A4F7556}") = "EventBusRabbitMQ", "src\Common\EventBusRabbitMQ\EventBusRabbitMQ.csproj", "{1EAE97EF-51F1-4BF9-87C7-962936D5DD56}"
EndProject
Project("{2150E333-8FDC-42A3-9474-1A3956D46DE8}") = "Ordering", "Ordering", "{BCAC4154-FFB4-4365-BFFE-2DD9E1838EFE}"
EndProject
Project("{9A19103F-16F7-4668-BE54-9A1E7A4F7556}") = "Ordering.API", "src\Ordering\Ordering.API\Ordering.API.csproj", "{E138A111-311F-451D-A3BF-DDC79137F06E}"
EndProject
Project("{9A19103F-16F7-4668-BE54-9A1E7A4F7556}") = "Ordering.Core", "src\Ordering\Ordering.Core\Ordering.Core.csproj", "{28BE9BB6-038F-4E0F-882B-5931169CC2D1}"
EndProject
Project("{9A19103F-16F7-4668-BE54-9A1E7A4F7556}") = "Ordering.Infrastructure", "src\Ordering\Ordering.Infrastructure\Ordering.Infrastructure.csproj", "{F6573B3C-B6EC-4BA3-A68A-347E0B995685}"
EndProject
Project("{9A19103F-16F7-4668-BE54-9A1E7A4F7556}") = "Ordering.Application", "src\Ordering\Ordering.Application\Ordering.Application.csproj", "{AAEE9684-BF0E-4572-BF77-C84934C18FAF}"
EndProject
Project("{2150E333-8FDC-42A3-9474-1A3956D46DE8}") = "ApiGateway", "ApiGateway", "{E536D5B5-FEE6-4037-B332-C05F12C6A96E}"
EndProject
Project("{FAE04EC0-301F-11D3-BF4B-00C04F79EFBC}") = "OcelotAPIGateway", "src\ApiGateway\OcelotAPIGateway\OcelotAPIGateway.csproj", "{F7971336-17A9-4F63-91A5-BD1821E1C75F}"
EndProject
Global
	GlobalSection(SolutionConfigurationPlatforms) = preSolution
		Debug|Any CPU = Debug|Any CPU
		Release|Any CPU = Release|Any CPU
	EndGlobalSection
	GlobalSection(ProjectConfigurationPlatforms) = postSolution
		{CFEF8B02-D551-4091-87ED-EE808349C652}.Debug|Any CPU.ActiveCfg = Debug|Any CPU
		{CFEF8B02-D551-4091-87ED-EE808349C652}.Debug|Any CPU.Build.0 = Debug|Any CPU
		{CFEF8B02-D551-4091-87ED-EE808349C652}.Release|Any CPU.ActiveCfg = Release|Any CPU
		{CFEF8B02-D551-4091-87ED-EE808349C652}.Release|Any CPU.Build.0 = Release|Any CPU
		{BB6E9288-E660-4B07-A38D-767ED43E676D}.Debug|Any CPU.ActiveCfg = Debug|Any CPU
		{BB6E9288-E660-4B07-A38D-767ED43E676D}.Debug|Any CPU.Build.0 = Debug|Any CPU
		{BB6E9288-E660-4B07-A38D-767ED43E676D}.Release|Any CPU.ActiveCfg = Release|Any CPU
		{BB6E9288-E660-4B07-A38D-767ED43E676D}.Release|Any CPU.Build.0 = Release|Any CPU
		{012CE45A-84BF-4FFC-AC2D-F4B5591B352F}.Debug|Any CPU.ActiveCfg = Debug|Any CPU
		{012CE45A-84BF-4FFC-AC2D-F4B5591B352F}.Debug|Any CPU.Build.0 = Debug|Any CPU
		{012CE45A-84BF-4FFC-AC2D-F4B5591B352F}.Release|Any CPU.ActiveCfg = Release|Any CPU
		{012CE45A-84BF-4FFC-AC2D-F4B5591B352F}.Release|Any CPU.Build.0 = Release|Any CPU
		{1EAE97EF-51F1-4BF9-87C7-962936D5DD56}.Debug|Any CPU.ActiveCfg = Debug|Any CPU
		{1EAE97EF-51F1-4BF9-87C7-962936D5DD56}.Debug|Any CPU.Build.0 = Debug|Any CPU
		{1EAE97EF-51F1-4BF9-87C7-962936D5DD56}.Release|Any CPU.ActiveCfg = Release|Any CPU
		{1EAE97EF-51F1-4BF9-87C7-962936D5DD56}.Release|Any CPU.Build.0 = Release|Any CPU
		{E138A111-311F-451D-A3BF-DDC79137F06E}.Debug|Any CPU.ActiveCfg = Debug|Any CPU
		{E138A111-311F-451D-A3BF-DDC79137F06E}.Debug|Any CPU.Build.0 = Debug|Any CPU
		{E138A111-311F-451D-A3BF-DDC79137F06E}.Release|Any CPU.ActiveCfg = Release|Any CPU
		{E138A111-311F-451D-A3BF-DDC79137F06E}.Release|Any CPU.Build.0 = Release|Any CPU
		{28BE9BB6-038F-4E0F-882B-5931169CC2D1}.Debug|Any CPU.ActiveCfg = Debug|Any CPU
		{28BE9BB6-038F-4E0F-882B-5931169CC2D1}.Debug|Any CPU.Build.0 = Debug|Any CPU
		{28BE9BB6-038F-4E0F-882B-5931169CC2D1}.Release|Any CPU.ActiveCfg = Release|Any CPU
		{28BE9BB6-038F-4E0F-882B-5931169CC2D1}.Release|Any CPU.Build.0 = Release|Any CPU
		{F6573B3C-B6EC-4BA3-A68A-347E0B995685}.Debug|Any CPU.ActiveCfg = Debug|Any CPU
		{F6573B3C-B6EC-4BA3-A68A-347E0B995685}.Debug|Any CPU.Build.0 = Debug|Any CPU
		{F6573B3C-B6EC-4BA3-A68A-347E0B995685}.Release|Any CPU.ActiveCfg = Release|Any CPU
		{F6573B3C-B6EC-4BA3-A68A-347E0B995685}.Release|Any CPU.Build.0 = Release|Any CPU
		{AAEE9684-BF0E-4572-BF77-C84934C18FAF}.Debug|Any CPU.ActiveCfg = Debug|Any CPU
		{AAEE9684-BF0E-4572-BF77-C84934C18FAF}.Debug|Any CPU.Build.0 = Debug|Any CPU
		{AAEE9684-BF0E-4572-BF77-C84934C18FAF}.Release|Any CPU.ActiveCfg = Release|Any CPU
		{AAEE9684-BF0E-4572-BF77-C84934C18FAF}.Release|Any CPU.Build.0 = Release|Any CPU
		{F7971336-17A9-4F63-91A5-BD1821E1C75F}.Debug|Any CPU.ActiveCfg = Debug|Any CPU
		{F7971336-17A9-4F63-91A5-BD1821E1C75F}.Debug|Any CPU.Build.0 = Debug|Any CPU
		{F7971336-17A9-4F63-91A5-BD1821E1C75F}.Release|Any CPU.ActiveCfg = Release|Any CPU
		{F7971336-17A9-4F63-91A5-BD1821E1C75F}.Release|Any CPU.Build.0 = Release|Any CPU
	EndGlobalSection
	GlobalSection(SolutionProperties) = preSolution
		HideSolutionNode = FALSE
	EndGlobalSection
	GlobalSection(NestedProjects) = preSolution
		{8BCD7C9A-0164-4339-8568-34D3B34708DD} = {824E533E-99F5-47DB-A94C-6E36216383A1}
		{CFEF8B02-D551-4091-87ED-EE808349C652} = {8BCD7C9A-0164-4339-8568-34D3B34708DD}
		{10BA4103-8BFF-42BF-9AD3-0CF3E7762858} = {824E533E-99F5-47DB-A94C-6E36216383A1}
		{012CE45A-84BF-4FFC-AC2D-F4B5591B352F} = {10BA4103-8BFF-42BF-9AD3-0CF3E7762858}
		{AB375AF3-E55F-4B95-A30C-2DD2F6C06069} = {824E533E-99F5-47DB-A94C-6E36216383A1}
		{1EAE97EF-51F1-4BF9-87C7-962936D5DD56} = {AB375AF3-E55F-4B95-A30C-2DD2F6C06069}
		{BCAC4154-FFB4-4365-BFFE-2DD9E1838EFE} = {824E533E-99F5-47DB-A94C-6E36216383A1}
		{E138A111-311F-451D-A3BF-DDC79137F06E} = {BCAC4154-FFB4-4365-BFFE-2DD9E1838EFE}
		{28BE9BB6-038F-4E0F-882B-5931169CC2D1} = {BCAC4154-FFB4-4365-BFFE-2DD9E1838EFE}
		{F6573B3C-B6EC-4BA3-A68A-347E0B995685} = {BCAC4154-FFB4-4365-BFFE-2DD9E1838EFE}
		{AAEE9684-BF0E-4572-BF77-C84934C18FAF} = {BCAC4154-FFB4-4365-BFFE-2DD9E1838EFE}
		{E536D5B5-FEE6-4037-B332-C05F12C6A96E} = {824E533E-99F5-47DB-A94C-6E36216383A1}
		{F7971336-17A9-4F63-91A5-BD1821E1C75F} = {E536D5B5-FEE6-4037-B332-C05F12C6A96E}
	EndGlobalSection
	GlobalSection(ExtensibilityGlobals) = postSolution
		SolutionGuid = {28645082-7187-464B-ABB8-BE4730A42490}
	EndGlobalSection
EndGlobal
